
Microsoft Visual Studio Solution File, Format Version 12.00
# Visual Studio 15
Project("{FAE04EC0-301F-11D3-BF4B-00C04F79EFBC}") = "Assembly-CSharp-Editor", "Assembly-CSharp-Editor.csproj", "{3D66F2D8-5E92-8B7B-A9CD-3DFD13BEBDBD}"
EndProject
Project("{FAE04EC0-301F-11D3-BF4B-00C04F79EFBC}") = "Assembly-CSharp", "Assembly-CSharp.csproj", "{9CE3EF0A-016A-3C5A-C8BC-A82C1749EC14}"
EndProject
Global
	GlobalSection(SolutionConfigurationPlatforms) = preSolution
		Debug|Any CPU = Debug|Any CPU
		Release|Any CPU = Release|Any CPU
	EndGlobalSection
	GlobalSection(ProjectConfigurationPlatforms) = postSolution
		{3D66F2D8-5E92-8B7B-A9CD-3DFD13BEBDBD}.Debug|Any CPU.ActiveCfg = Debug|Any CPU
		{3D66F2D8-5E92-8B7B-A9CD-3DFD13BEBDBD}.Debug|Any CPU.Build.0 = Debug|Any CPU
		{3D66F2D8-5E92-8B7B-A9CD-3DFD13BEBDBD}.Release|Any CPU.ActiveCfg = Release|Any CPU
		{3D66F2D8-5E92-8B7B-A9CD-3DFD13BEBDBD}.Release|Any CPU.Build.0 = Release|Any CPU
		{9CE3EF0A-016A-3C5A-C8BC-A82C1749EC14}.Debug|Any CPU.ActiveCfg = Debug|Any CPU
		{9CE3EF0A-016A-3C5A-C8BC-A82C1749EC14}.Debug|Any CPU.Build.0 = Debug|Any CPU
		{9CE3EF0A-016A-3C5A-C8BC-A82C1749EC14}.Release|Any CPU.ActiveCfg = Release|Any CPU
		{9CE3EF0A-016A-3C5A-C8BC-A82C1749EC14}.Release|Any CPU.Build.0 = Release|Any CPU
	EndGlobalSection
	GlobalSection(SolutionProperties) = preSolution
		HideSolutionNode = FALSE
	EndGlobalSection
EndGlobal
